{
  "requires": true,
  "lockfileVersion": 1,
  "dependencies": {
    "core-js": {
      "version": "3.23.4",
      "resolved": "https://registry.npmjs.org/core-js/-/core-js-3.23.4.tgz",
      "integrity": "sha512-vjsKqRc1RyAJC3Ye2kYqgfdThb3zYnx9CrqoCcjMOENMtQPC7ZViBvlDxwYU/2z2NI/IPuiXw5mT4hWhddqjzQ=="
    },
    "regenerator-runtime": {
      "version": "0.13.9",
      "resolved": "https://registry.npmjs.org/regenerator-runtime/-/regenerator-runtime-0.13.9.tgz",
      "integrity": "sha512-p3VT+cOEgxFsRRA9X4lkI1E+k2/CtnKtU4gcxyaCUreilL/vqI6CdZ3wxVUx3UOUg+gnUOQQcRI7BmSI656MYA=="
    }
  }
}
